
Microsoft Visual Studio Solution File, Format Version 12.00
# Visual Studio Version 17
VisualStudioVersion = 17.14.36121.58 d17.14
MinimumVisualStudioVersion = 10.0.40219.1
Project("{FAE04EC0-301F-11D3-BF4B-00C04F79EFBC}") = "PersonnelTransferRequest.Web", "PersonnelTransferRequest.Web\PersonnelTransferRequest.Web.csproj", "{A17A141D-C36B-450D-BE0D-331C8FD624C4}"
EndProject
Project("{FAE04EC0-301F-11D3-BF4B-00C04F79EFBC}") = "PersonnelTransferRequest.Entities", "PersonnelTransferRequest.Entities\PersonnelTransferRequest.Entities.csproj", "{A2EC0547-D8E7-4130-83DF-1F5DE13FBC36}"
EndProject
Project("{FAE04EC0-301F-11D3-BF4B-00C04F79EFBC}") = "PersonnelTransferRequest.Common", "PersonnelTransferRequest.Common\PersonnelTransferRequest.Common.csproj", "{7B5EE2F9-E897-4E03-B8F2-AF5138FF022A}"
EndProject
Global
	GlobalSection(SolutionConfigurationPlatforms) = preSolution
		Debug|Any CPU = Debug|Any CPU
		Release|Any CPU = Release|Any CPU
	EndGlobalSection
	GlobalSection(ProjectConfigurationPlatforms) = postSolution
		{A17A141D-C36B-450D-BE0D-331C8FD624C4}.Debug|Any CPU.ActiveCfg = Debug|Any CPU
		{A17A141D-C36B-450D-BE0D-331C8FD624C4}.Debug|Any CPU.Build.0 = Debug|Any CPU
		{A17A141D-C36B-450D-BE0D-331C8FD624C4}.Release|Any CPU.ActiveCfg = Release|Any CPU
		{A17A141D-C36B-450D-BE0D-331C8FD624C4}.Release|Any CPU.Build.0 = Release|Any CPU
		{A2EC0547-D8E7-4130-83DF-1F5DE13FBC36}.Debug|Any CPU.ActiveCfg = Debug|Any CPU
		{A2EC0547-D8E7-4130-83DF-1F5DE13FBC36}.Debug|Any CPU.Build.0 = Debug|Any CPU
		{A2EC0547-D8E7-4130-83DF-1F5DE13FBC36}.Release|Any CPU.ActiveCfg = Release|Any CPU
		{A2EC0547-D8E7-4130-83DF-1F5DE13FBC36}.Release|Any CPU.Build.0 = Release|Any CPU
		{7B5EE2F9-E897-4E03-B8F2-AF5138FF022A}.Debug|Any CPU.ActiveCfg = Debug|Any CPU
		{7B5EE2F9-E897-4E03-B8F2-AF5138FF022A}.Debug|Any CPU.Build.0 = Debug|Any CPU
		{7B5EE2F9-E897-4E03-B8F2-AF5138FF022A}.Release|Any CPU.ActiveCfg = Release|Any CPU
		{7B5EE2F9-E897-4E03-B8F2-AF5138FF022A}.Release|Any CPU.Build.0 = Release|Any CPU
	EndGlobalSection
	GlobalSection(SolutionProperties) = preSolution
		HideSolutionNode = FALSE
	EndGlobalSection
	GlobalSection(ExtensibilityGlobals) = postSolution
		SolutionGuid = {AF47D2ED-B284-49D9-83F6-D8BA69DFDB73}
	EndGlobalSection
EndGlobal
